
Microsoft Visual Studio Solution File, Format Version 12.00
# Visual Studio Version 16
VisualStudioVersion = 16.0.30204.135
MinimumVisualStudioVersion = 10.0.40219.1
Project("{FAE04EC0-301F-11D3-BF4B-00C04F79EFBC}") = "NotesLibrary", "NotesLibrary\NotesLibrary.csproj", "{940D28B5-74B8-4136-9FDE-E1A11473EC8E}"
EndProject
Project("{9A19103F-16F7-4668-BE54-9A1E7A4F7556}") = "ViewModel", "ViewModel\ViewModel.csproj", "{38A45D44-3170-4259-BE95-2F9299683ECC}"
EndProject
Project("{9A19103F-16F7-4668-BE54-9A1E7A4F7556}") = "Verification", "Verification\Verification.csproj", "{F399C48A-E82D-4387-83BB-E76693C2911A}"
EndProject
Project("{9A19103F-16F7-4668-BE54-9A1E7A4F7556}") = "MultiThread", "MultiThread\MultiThread.csproj", "{56E72C3E-5F4F-454A-AEC3-ECDC01B719CE}"
EndProject
Project("{8BC9CEB8-8B4A-11D0-8D11-00A0C91BC942}") = "ThreadWritter", "ThreadWritter\ThreadWritter.vcxproj", "{CCD179A5-9EAC-4B7C-913F-B5F045AA6E47}"
EndProject
Global
	GlobalSection(SolutionConfigurationPlatforms) = preSolution
		Debug|Any CPU = Debug|Any CPU
		Debug|x64 = Debug|x64
		Debug|x86 = Debug|x86
		Release|Any CPU = Release|Any CPU
		Release|x64 = Release|x64
		Release|x86 = Release|x86
	EndGlobalSection
	GlobalSection(ProjectConfigurationPlatforms) = postSolution
		{940D28B5-74B8-4136-9FDE-E1A11473EC8E}.Debug|Any CPU.ActiveCfg = Debug|Any CPU
		{940D28B5-74B8-4136-9FDE-E1A11473EC8E}.Debug|Any CPU.Build.0 = Debug|Any CPU
		{940D28B5-74B8-4136-9FDE-E1A11473EC8E}.Debug|x64.ActiveCfg = Debug|Any CPU
		{940D28B5-74B8-4136-9FDE-E1A11473EC8E}.Debug|x64.Build.0 = Debug|Any CPU
		{940D28B5-74B8-4136-9FDE-E1A11473EC8E}.Debug|x86.ActiveCfg = Debug|Any CPU
		{940D28B5-74B8-4136-9FDE-E1A11473EC8E}.Debug|x86.Build.0 = Debug|Any CPU
		{940D28B5-74B8-4136-9FDE-E1A11473EC8E}.Release|Any CPU.ActiveCfg = Release|Any CPU
		{940D28B5-74B8-4136-9FDE-E1A11473EC8E}.Release|Any CPU.Build.0 = Release|Any CPU
		{940D28B5-74B8-4136-9FDE-E1A11473EC8E}.Release|x64.ActiveCfg = Release|Any CPU
		{940D28B5-74B8-4136-9FDE-E1A11473EC8E}.Release|x64.Build.0 = Release|Any CPU
		{940D28B5-74B8-4136-9FDE-E1A11473EC8E}.Release|x86.ActiveCfg = Release|Any CPU
		{940D28B5-74B8-4136-9FDE-E1A11473EC8E}.Release|x86.Build.0 = Release|Any CPU
		{38A45D44-3170-4259-BE95-2F9299683ECC}.Debug|Any CPU.ActiveCfg = Debug|Any CPU
		{38A45D44-3170-4259-BE95-2F9299683ECC}.Debug|Any CPU.Build.0 = Debug|Any CPU
		{38A45D44-3170-4259-BE95-2F9299683ECC}.Debug|x64.ActiveCfg = Debug|Any CPU
		{38A45D44-3170-4259-BE95-2F9299683ECC}.Debug|x64.Build.0 = Debug|Any CPU
		{38A45D44-3170-4259-BE95-2F9299683ECC}.Debug|x86.ActiveCfg = Debug|Any CPU
		{38A45D44-3170-4259-BE95-2F9299683ECC}.Debug|x86.Build.0 = Debug|Any CPU
		{38A45D44-3170-4259-BE95-2F9299683ECC}.Release|Any CPU.ActiveCfg = Release|Any CPU
		{38A45D44-3170-4259-BE95-2F9299683ECC}.Release|Any CPU.Build.0 = Release|Any CPU
		{38A45D44-3170-4259-BE95-2F9299683ECC}.Release|x64.ActiveCfg = Release|Any CPU
		{38A45D44-3170-4259-BE95-2F9299683ECC}.Release|x64.Build.0 = Release|Any CPU
		{38A45D44-3170-4259-BE95-2F9299683ECC}.Release|x86.ActiveCfg = Release|Any CPU
		{38A45D44-3170-4259-BE95-2F9299683ECC}.Release|x86.Build.0 = Release|Any CPU
		{F399C48A-E82D-4387-83BB-E76693C2911A}.Debug|Any CPU.ActiveCfg = Debug|Any CPU
		{F399C48A-E82D-4387-83BB-E76693C2911A}.Debug|Any CPU.Build.0 = Debug|Any CPU
		{F399C48A-E82D-4387-83BB-E76693C2911A}.Debug|x64.ActiveCfg = Debug|Any CPU
		{F399C48A-E82D-4387-83BB-E76693C2911A}.Debug|x64.Build.0 = Debug|Any CPU
		{F399C48A-E82D-4387-83BB-E76693C2911A}.Debug|x86.ActiveCfg = Debug|Any CPU
		{F399C48A-E82D-4387-83BB-E76693C2911A}.Debug|x86.Build.0 = Debug|Any CPU
		{F399C48A-E82D-4387-83BB-E76693C2911A}.Release|Any CPU.ActiveCfg = Release|Any CPU
		{F399C48A-E82D-4387-83BB-E76693C2911A}.Release|Any CPU.Build.0 = Release|Any CPU
		{F399C48A-E82D-4387-83BB-E76693C2911A}.Release|x64.ActiveCfg = Release|Any CPU
		{F399C48A-E82D-4387-83BB-E76693C2911A}.Release|x64.Build.0 = Release|Any CPU
		{F399C48A-E82D-4387-83BB-E76693C2911A}.Release|x86.ActiveCfg = Release|Any CPU
		{F399C48A-E82D-4387-83BB-E76693C2911A}.Release|x86.Build.0 = Release|Any CPU
		{56E72C3E-5F4F-454A-AEC3-ECDC01B719CE}.Debug|Any CPU.ActiveCfg = Debug|Any CPU
		{56E72C3E-5F4F-454A-AEC3-ECDC01B719CE}.Debug|Any CPU.Build.0 = Debug|Any CPU
		{56E72C3E-5F4F-454A-AEC3-ECDC01B719CE}.Debug|x64.ActiveCfg = Debug|Any CPU
		{56E72C3E-5F4F-454A-AEC3-ECDC01B719CE}.Debug|x64.Build.0 = Debug|Any CPU
		{56E72C3E-5F4F-454A-AEC3-ECDC01B719CE}.Debug|x86.ActiveCfg = Debug|Any CPU
		{56E72C3E-5F4F-454A-AEC3-ECDC01B719CE}.Debug|x86.Build.0 = Debug|Any CPU
		{56E72C3E-5F4F-454A-AEC3-ECDC01B719CE}.Release|Any CPU.ActiveCfg = Release|Any CPU
		{56E72C3E-5F4F-454A-AEC3-ECDC01B719CE}.Release|Any CPU.Build.0 = Release|Any CPU
		{56E72C3E-5F4F-454A-AEC3-ECDC01B719CE}.Release|x64.ActiveCfg = Release|Any CPU
		{56E72C3E-5F4F-454A-AEC3-ECDC01B719CE}.Release|x64.Build.0 = Release|Any CPU
		{56E72C3E-5F4F-454A-AEC3-ECDC01B719CE}.Release|x86.ActiveCfg = Release|Any CPU
		{56E72C3E-5F4F-454A-AEC3-ECDC01B719CE}.Release|x86.Build.0 = Release|Any CPU
		{CCD179A5-9EAC-4B7C-913F-B5F045AA6E47}.Debug|Any CPU.ActiveCfg = Debug|Win32
		{CCD179A5-9EAC-4B7C-913F-B5F045AA6E47}.Debug|x64.ActiveCfg = Debug|x64
		{CCD179A5-9EAC-4B7C-913F-B5F045AA6E47}.Debug|x64.Build.0 = Debug|x64
		{CCD179A5-9EAC-4B7C-913F-B5F045AA6E47}.Debug|x86.ActiveCfg = Debug|Win32
		{CCD179A5-9EAC-4B7C-913F-B5F045AA6E47}.Debug|x86.Build.0 = Debug|Win32
		{CCD179A5-9EAC-4B7C-913F-B5F045AA6E47}.Release|Any CPU.ActiveCfg = Release|Win32
		{CCD179A5-9EAC-4B7C-913F-B5F045AA6E47}.Release|x64.ActiveCfg = Release|x64
		{CCD179A5-9EAC-4B7C-913F-B5F045AA6E47}.Release|x64.Build.0 = Release|x64
		{CCD179A5-9EAC-4B7C-913F-B5F045AA6E47}.Release|x86.ActiveCfg = Release|Win32
		{CCD179A5-9EAC-4B7C-913F-B5F045AA6E47}.Release|x86.Build.0 = Release|Win32
	EndGlobalSection
	GlobalSection(SolutionProperties) = preSolution
		HideSolutionNode = FALSE
	EndGlobalSection
	GlobalSection(ExtensibilityGlobals) = postSolution
		SolutionGuid = {CBDE29FF-4A24-4C94-A04B-C93B866F4865}
	EndGlobalSection
EndGlobal
